
Microsoft Visual Studio Solution File, Format Version 12.00
# Visual Studio 2013
VisualStudioVersion = 12.0.30723.0
MinimumVisualStudioVersion = 10.0.40219.1
Project("{FAE04EC0-301F-11D3-BF4B-00C04F79EFBC}") = "WebApp", "WebApp\WebApp.csproj", "{5ED51D3E-E237-47BC-A946-D579EB21270A}"
EndProject
Project("{FAE04EC0-301F-11D3-BF4B-00C04F79EFBC}") = "WebApp.Mvc", "WebApp.Mvc\WebApp.Mvc.csproj", "{9C531B9A-90AB-460F-9EBD-847F5E3E2183}"
EndProject
Project("{FAE04EC0-301F-11D3-BF4B-00C04F79EFBC}") = "WebApp.WebApi", "WebApp.WebApi\WebApp.WebApi.csproj", "{584F423B-26CC-4B94-9482-DF5D17231611}"
EndProject
Project("{2150E333-8FDC-42A3-9474-1A3956D46DE8}") = ".nuget", ".nuget", "{7027215C-F741-444E-8F77-A35B8E192F19}"
	ProjectSection(SolutionItems) = preProject
		.nuget\NuGet.Config = .nuget\NuGet.Config
		.nuget\NuGet.exe = .nuget\NuGet.exe
		.nuget\NuGet.targets = .nuget\NuGet.targets
	EndProjectSection
EndProject
Global
	GlobalSection(SolutionConfigurationPlatforms) = preSolution
		Debug|Any CPU = Debug|Any CPU
		Release|Any CPU = Release|Any CPU
	EndGlobalSection
	GlobalSection(ProjectConfigurationPlatforms) = postSolution
		{5ED51D3E-E237-47BC-A946-D579EB21270A}.Debug|Any CPU.ActiveCfg = Debug|Any CPU
		{5ED51D3E-E237-47BC-A946-D579EB21270A}.Debug|Any CPU.Build.0 = Debug|Any CPU
		{5ED51D3E-E237-47BC-A946-D579EB21270A}.Release|Any CPU.ActiveCfg = Release|Any CPU
		{5ED51D3E-E237-47BC-A946-D579EB21270A}.Release|Any CPU.Build.0 = Release|Any CPU
		{9C531B9A-90AB-460F-9EBD-847F5E3E2183}.Debug|Any CPU.ActiveCfg = Debug|Any CPU
		{9C531B9A-90AB-460F-9EBD-847F5E3E2183}.Debug|Any CPU.Build.0 = Debug|Any CPU
		{9C531B9A-90AB-460F-9EBD-847F5E3E2183}.Release|Any CPU.ActiveCfg = Release|Any CPU
		{9C531B9A-90AB-460F-9EBD-847F5E3E2183}.Release|Any CPU.Build.0 = Release|Any CPU
		{584F423B-26CC-4B94-9482-DF5D17231611}.Debug|Any CPU.ActiveCfg = Debug|Any CPU
		{584F423B-26CC-4B94-9482-DF5D17231611}.Debug|Any CPU.Build.0 = Debug|Any CPU
		{584F423B-26CC-4B94-9482-DF5D17231611}.Release|Any CPU.ActiveCfg = Release|Any CPU
		{584F423B-26CC-4B94-9482-DF5D17231611}.Release|Any CPU.Build.0 = Release|Any CPU
	EndGlobalSection
	GlobalSection(SolutionProperties) = preSolution
		HideSolutionNode = FALSE
	EndGlobalSection
EndGlobal
